{
  "name": "testappstringlib",
  "version": "1.0.0",
  "lockfileVersion": 3,
  "requires": true,
  "packages": {
    "": {
      "name": "testappstringlib",
      "version": "1.0.0",
      "license": "ISC",
      "dependencies": {
        "@cabbagesoup/stringlib": "^1.0.6"
      }
    },
    "node_modules/@cabbagesoup/stringlib": {
      "version": "1.0.6",
      "resolved": "https://registry.npmjs.org/@cabbagesoup/stringlib/-/stringlib-1.0.6.tgz",
      "integrity": "sha512-tx9zpk1J+Eu4ryBYnpBb4jiNwr3bZgMvZLZiiMjYBbGq1g48o6nFdXdp4XjzhcPNwTUwDb6I4pWe4Al1xFi+Xg=="
    }
  }
}
